
Microsoft Visual Studio Solution File, Format Version 12.00
# Visual Studio Version 17
VisualStudioVersion = 17.12.35527.113
MinimumVisualStudioVersion = 10.0.40219.1
Project("{FAE04EC0-301F-11D3-BF4B-00C04F79EFBC}") = "WebApiDemo", "WebApiDemo\WebApiDemo.csproj", "{40CB12B9-5F70-482F-B39E-FE8D8D51F850}"
EndProject
Project("{FAE04EC0-301F-11D3-BF4B-00C04F79EFBC}") = "WebApp", "WebApp\WebApp.csproj", "{46484C7D-7C08-4E19-8AC4-0A6861938A5F}"
EndProject
Global
	GlobalSection(SolutionConfigurationPlatforms) = preSolution
		Debug|Any CPU = Debug|Any CPU
		Release|Any CPU = Release|Any CPU
	EndGlobalSection
	GlobalSection(ProjectConfigurationPlatforms) = postSolution
		{40CB12B9-5F70-482F-B39E-FE8D8D51F850}.Debug|Any CPU.ActiveCfg = Debug|Any CPU
		{40CB12B9-5F70-482F-B39E-FE8D8D51F850}.Debug|Any CPU.Build.0 = Debug|Any CPU
		{40CB12B9-5F70-482F-B39E-FE8D8D51F850}.Release|Any CPU.ActiveCfg = Release|Any CPU
		{40CB12B9-5F70-482F-B39E-FE8D8D51F850}.Release|Any CPU.Build.0 = Release|Any CPU
		{46484C7D-7C08-4E19-8AC4-0A6861938A5F}.Debug|Any CPU.ActiveCfg = Debug|Any CPU
		{46484C7D-7C08-4E19-8AC4-0A6861938A5F}.Debug|Any CPU.Build.0 = Debug|Any CPU
		{46484C7D-7C08-4E19-8AC4-0A6861938A5F}.Release|Any CPU.ActiveCfg = Release|Any CPU
		{46484C7D-7C08-4E19-8AC4-0A6861938A5F}.Release|Any CPU.Build.0 = Release|Any CPU
	EndGlobalSection
	GlobalSection(SolutionProperties) = preSolution
		HideSolutionNode = FALSE
	EndGlobalSection
EndGlobal
